
Microsoft Visual Studio Solution File, Format Version 12.00
# Visual Studio 15
VisualStudioVersion = 15.0.28307.329
MinimumVisualStudioVersion = 10.0.40219.1
Project("{9A19103F-16F7-4668-BE54-9A1E7A4F7556}") = "eT3.LibraryApplication", "D6\eT3.LibraryApplication.csproj", "{F7C8C0FA-49D2-4DD9-B0EE-A63985FD9E47}"
EndProject
Global
	GlobalSection(SolutionConfigurationPlatforms) = preSolution
		Debug|Any CPU = Debug|Any CPU
		Release|Any CPU = Release|Any CPU
	EndGlobalSection
	GlobalSection(ProjectConfigurationPlatforms) = postSolution
		{F7C8C0FA-49D2-4DD9-B0EE-A63985FD9E47}.Debug|Any CPU.ActiveCfg = Debug|Any CPU
		{F7C8C0FA-49D2-4DD9-B0EE-A63985FD9E47}.Debug|Any CPU.Build.0 = Debug|Any CPU
		{F7C8C0FA-49D2-4DD9-B0EE-A63985FD9E47}.Release|Any CPU.ActiveCfg = Release|Any CPU
		{F7C8C0FA-49D2-4DD9-B0EE-A63985FD9E47}.Release|Any CPU.Build.0 = Release|Any CPU
	EndGlobalSection
	GlobalSection(SolutionProperties) = preSolution
		HideSolutionNode = FALSE
	EndGlobalSection
	GlobalSection(ExtensibilityGlobals) = postSolution
		SolutionGuid = {8B69F1E4-2A4D-4020-BD98-AFF19CF2169D}
	EndGlobalSection
EndGlobal
